
Microsoft Visual Studio Solution File, Format Version 12.00
# Visual Studio 2017
Project("{FAE04EC0-301F-11D3-BF4B-00C04F79EFBC}") = "blue Energy", "blue Energy.csproj", "{F4B356D3-A3C2-57B7-E074-49367B748090}"
EndProject
Project("{FAE04EC0-301F-11D3-BF4B-00C04F79EFBC}") = "blue Energy.Plugins", "blue Energy.Plugins.csproj", "{C7A9B327-8E52-5115-EE2D-03D5BF89BE89}"
EndProject
Project("{FAE04EC0-301F-11D3-BF4B-00C04F79EFBC}") = "blue Energy.Editor", "blue Energy.Editor.csproj", "{976B9157-21E8-04C0-9617-51555A5C8AE4}"
EndProject
Project("{FAE04EC0-301F-11D3-BF4B-00C04F79EFBC}") = "blue Energy.Editor.Plugins", "blue Energy.Editor.Plugins.csproj", "{60ECB90D-66B0-2076-E9B6-E08D2648B922}"
EndProject
Global
	GlobalSection(SolutionConfigurationPlatforms) = preSolution
		Debug|Any CPU = Debug|Any CPU
		Release|Any CPU = Release|Any CPU
	EndGlobalSection
	GlobalSection(ProjectConfigurationPlatforms) = postSolution
		{F4B356D3-A3C2-57B7-E074-49367B748090}.Debug|Any CPU.ActiveCfg = Debug|Any CPU
		{F4B356D3-A3C2-57B7-E074-49367B748090}.Debug|Any CPU.Build.0 = Debug|Any CPU
		{F4B356D3-A3C2-57B7-E074-49367B748090}.Release|Any CPU.ActiveCfg = Release|Any CPU
		{F4B356D3-A3C2-57B7-E074-49367B748090}.Release|Any CPU.Build.0 = Release|Any CPU
		{C7A9B327-8E52-5115-EE2D-03D5BF89BE89}.Debug|Any CPU.ActiveCfg = Debug|Any CPU
		{C7A9B327-8E52-5115-EE2D-03D5BF89BE89}.Debug|Any CPU.Build.0 = Debug|Any CPU
		{C7A9B327-8E52-5115-EE2D-03D5BF89BE89}.Release|Any CPU.ActiveCfg = Release|Any CPU
		{C7A9B327-8E52-5115-EE2D-03D5BF89BE89}.Release|Any CPU.Build.0 = Release|Any CPU
		{976B9157-21E8-04C0-9617-51555A5C8AE4}.Debug|Any CPU.ActiveCfg = Debug|Any CPU
		{976B9157-21E8-04C0-9617-51555A5C8AE4}.Debug|Any CPU.Build.0 = Debug|Any CPU
		{976B9157-21E8-04C0-9617-51555A5C8AE4}.Release|Any CPU.ActiveCfg = Release|Any CPU
		{976B9157-21E8-04C0-9617-51555A5C8AE4}.Release|Any CPU.Build.0 = Release|Any CPU
		{60ECB90D-66B0-2076-E9B6-E08D2648B922}.Debug|Any CPU.ActiveCfg = Debug|Any CPU
		{60ECB90D-66B0-2076-E9B6-E08D2648B922}.Debug|Any CPU.Build.0 = Debug|Any CPU
		{60ECB90D-66B0-2076-E9B6-E08D2648B922}.Release|Any CPU.ActiveCfg = Release|Any CPU
		{60ECB90D-66B0-2076-E9B6-E08D2648B922}.Release|Any CPU.Build.0 = Release|Any CPU
	EndGlobalSection
	GlobalSection(SolutionProperties) = preSolution
		HideSolutionNode = FALSE
	EndGlobalSection
EndGlobal
